{
  "format": 1,
  "packages": [
    {
      "commit": "938c41faece4b821c76318c45efa051ddb85604f",
      "dependencies": {},
      "id": "pfc84fe5aa8556c7c",
      "name": "Kryon",
      "ref": "master",
      "url": "https://github.com/kryonlabs/kryon.git"
    }
  ],
  "root": {
    "dependencies": {
      "kryon": "pfc84fe5aa8556c7c"
    },
    "name": "plot"
  },
  "toolchain": {
    "commit": "f3374188260b7c2fc497f0abed1d38fcb822547a",
    "ref": "master",
    "url": "https://github.com/ziranlang/ziran.git"
  }
}
