{
  "format": 1,
  "packages": [
    {
      "commit": "c7b623317e2a4603186d38534873848888bc3331",
      "dependencies": {},
      "id": "pb1eb996de20f3de6",
      "name": "Kryon",
      "ref": "master",
      "url": "https://github.com/kryonlabs/kryon.git"
    }
  ],
  "root": {
    "dependencies": {"kryon": "pb1eb996de20f3de6"},
    "name": "plot"
  },
  "toolchain": {
    "commit": "d61e47f8da3b17b7855f247624b1ade4104d45c3",
    "ref": "master",
    "url": "https://github.com/ziranlang/ziran.git"
  }
}
