{
  "format": 1,
  "packages": [
    {
      "commit": "938c41faece4b821c76318c45efa051ddb85604f",
      "dependencies": {},
      "id": "pfc84fe5aa8556c7c",
      "name": "Kryon",
      "ref": "master",
      "url": "https://github.com/kryonlabs/kryon.git"
    }
  ],
  "root": {
    "dependencies": {"kryon": "pfc84fe5aa8556c7c"},
    "name": "plot"
  },
  "toolchain": {
    "commit": "499696ad4526fa97ef0b3e16aabb801b122e4900",
    "ref": "master",
    "url": "https://github.com/ziranlang/ziran.git"
  }
}
